{
  "nodes": {
    "bootstrap-from-tcc": {
      "locked": {
        "lastModified": 1695326224,
        "narHash": "sha256-0q+PJhooCVimzxJKK/c2gqGoZIPirgt31vd31+6XFYM=",
        "owner": "ZilchOS",
        "repo": "bootstrap-from-tcc",
        "rev": "204601f2d68ef2a798fc4d98f634a1191886bf51",
        "type": "github"
      },
      "original": {
        "owner": "ZilchOS",
        "repo": "bootstrap-from-tcc",
        "type": "github"
      }
    },
    "root": {
      "inputs": {
        "bootstrap-from-tcc": "bootstrap-from-tcc"
      }
    }
  },
  "root": "root",
  "version": 7
}
