{
  "nodes": {
    "bootstrap-from-tcc": {
      "locked": {
        "lastModified": 1693933074,
        "narHash": "sha256-6qMf6hc9DkUVn/0Cilk1CLDc2A3hNi6RfFluv7gLUp4=",
        "owner": "ZilchOS",
        "repo": "bootstrap-from-tcc",
        "rev": "3d3ac2160a9f3df7b589a3f3de29545d52c1a2bc",
        "type": "github"
      },
      "original": {
        "owner": "ZilchOS",
        "repo": "bootstrap-from-tcc",
        "type": "github"
      }
    },
    "root": {
      "inputs": {
        "bootstrap-from-tcc": "bootstrap-from-tcc"
      }
    }
  },
  "root": "root",
  "version": 7
}
