{
  "nodes": {
    "bootstrap-from-tcc": {
      "locked": {
        "lastModified": 1691705223,
        "narHash": "sha256-/sbOfoYdLz28+0yOdvI5lbAME7PkxvZ03x+KlKj00aI=",
        "owner": "ZilchOS",
        "repo": "bootstrap-from-tcc",
        "rev": "73021bdf40eb70a4217de490740b67b46163d00f",
        "type": "github"
      },
      "original": {
        "owner": "ZilchOS",
        "repo": "bootstrap-from-tcc",
        "type": "github"
      }
    },
    "root": {
      "inputs": {
        "bootstrap-from-tcc": "bootstrap-from-tcc"
      }
    }
  },
  "root": "root",
  "version": 7
}
